<?xml version="1.0" encoding="utf-8"?>
<Project ToolsVersion="4.0" xmlns="http://schemas.microsoft.com/developer/msbuild/2003">
  <ItemGroup>
    <FxCompile Include="Resources\shaders\TerrainPS.hlsl" />
    <FxCompile Include="Resources\shaders\TerrainVS.hlsl" />
    <FxCompile Include="Resources\shaders\ObjPS.hlsl" />
    <FxCompile Include="Resources\shaders\ObjVS.hlsl" />
    <FxCompile Include="Resources\shaders\PrimitivePS.hlsl" />
    <FxCompile Include="Resources\shaders\PrimitiveVS.hlsl" />
    <FxCompile Include="Resources\shaders\ShapePS.hlsl" />
    <FxCompile Include="Resources\shaders\ShapeVS.hlsl" />
    <FxCompile Include="Resources\shaders\SpritePS.hlsl" />
    <FxCompile Include="Resources\shaders\SpriteVS.hlsl" />
  </ItemGroup>
  <ItemGroup>
    <ClCompile Include="main.cpp" />
    <ClCompile Include="CameraController.cpp">
      <Filter>class</Filter>
    </ClCompile>
    <ClCompile Include="Enemy.cpp">
      <Filter>class</Filter>
    </ClCompile>
    <ClCompile Include="GameScene.cpp">
      <Filter>class</Filter>
    </ClCompile>
    <ClCompile Include="MapChipField.cpp">
      <Filter>class</Filter>
    </ClCompile>
    <ClCompile Include="Player.cpp">
      <Filter>class</Filter>
    </ClCompile>
    <ClCompile Include="Skydome.cpp">
      <Filter>class</Filter>
    </ClCompile>
    <ClCompile Include="Vector.cpp">
      <Filter>class</Filter>
    </ClCompile>
    <ClCompile Include="DeathParticles.cpp" />
  </ItemGroup>
  <ItemGroup>
    <ClInclude Include="CameraController.h">
      <Filter>class</Filter>
    </ClInclude>
    <ClInclude Include="Enemy.h">
      <Filter>class</Filter>
    </ClInclude>
    <ClInclude Include="GameScene.h">
      <Filter>class</Filter>
    </ClInclude>
    <ClInclude Include="MapChipField.h">
      <Filter>class</Filter>
    </ClInclude>
    <ClInclude Include="Player.h">
      <Filter>class</Filter>
    </ClInclude>
    <ClInclude Include="Skydome.h">
      <Filter>class</Filter>
    </ClInclude>
    <ClInclude Include="Vector.h">
      <Filter>class</Filter>
    </ClInclude>
    <ClInclude Include="DeathParticles.h" />
  </ItemGroup>
  <ItemGroup>
    <None Include="Resources\shaders\Obj.hlsli" />
    <None Include="Resources\shaders\Primitive.hlsli" />
    <None Include="Resources\shaders\Shape.hlsli" />
    <None Include="Resources\shaders\Terrain.hlsli" />
    <None Include="Resources\shaders\Sprite.hlsli" />
  </ItemGroup>
  <ItemGroup>
    <Filter Include="class">
      <UniqueIdentifier>{6a48fb42-685d-4102-9d64-1ff22f6b556c}</UniqueIdentifier>
    </Filter>
  </ItemGroup>
</Project>